
Microsoft Visual Studio Solution File, Format Version 12.00
# Visual Studio Version 17
VisualStudioVersion = 17.2.32519.379
MinimumVisualStudioVersion = 10.0.40219.1
Project("{FAE04EC0-301F-11D3-BF4B-00C04F79EFBC}") = "LetsCodePOOIAula5", "LetsCodePOOIAula5\LetsCodePOOIAula5.csproj", "{03916701-5ABC-459A-B6B1-D1A6BFFA90BB}"
EndProject
Global
	GlobalSection(SolutionConfigurationPlatforms) = preSolution
		Debug|Any CPU = Debug|Any CPU
		Release|Any CPU = Release|Any CPU
	EndGlobalSection
	GlobalSection(ProjectConfigurationPlatforms) = postSolution
		{03916701-5ABC-459A-B6B1-D1A6BFFA90BB}.Debug|Any CPU.ActiveCfg = Debug|Any CPU
		{03916701-5ABC-459A-B6B1-D1A6BFFA90BB}.Debug|Any CPU.Build.0 = Debug|Any CPU
		{03916701-5ABC-459A-B6B1-D1A6BFFA90BB}.Release|Any CPU.ActiveCfg = Release|Any CPU
		{03916701-5ABC-459A-B6B1-D1A6BFFA90BB}.Release|Any CPU.Build.0 = Release|Any CPU
	EndGlobalSection
	GlobalSection(SolutionProperties) = preSolution
		HideSolutionNode = FALSE
	EndGlobalSection
	GlobalSection(ExtensibilityGlobals) = postSolution
		SolutionGuid = {02ADE035-1471-4D09-A4A8-9300B0908F0B}
	EndGlobalSection
EndGlobal
